{
  "name": "brewbox",
  "lockfileVersion": 3,
  "requires": true,
  "packages": {
    "": { "name": "brewbox", "dependencies": { "@straddlecom/straddle": "1.0.4", "express": "^4.19.2" } },
    "node_modules/@straddlecom/straddle": {
      "version": "1.0.4",
      "resolved": "https://registry.npmjs.org/@straddlecom/straddle/-/straddle-1.0.4.tgz",
      "license": "Apache-2.0",
      "dependencies": { "standardwebhooks": "^1.0.0" }
    }
  }
}
